
Microsoft Visual Studio Solution File, Format Version 12.00
# Visual Studio Version 17
VisualStudioVersion = 17.11.35327.3
MinimumVisualStudioVersion = 10.0.40219.1
Project("{FAE04EC0-301F-11D3-BF4B-00C04F79EFBC}") = "GenerateDataShop", "GenerateDataShop\GenerateDataShop.csproj", "{DB0B8EE8-669F-4FA1-92EE-78CE333C3F14}"
EndProject
Global
	GlobalSection(SolutionConfigurationPlatforms) = preSolution
		Debug|Any CPU = Debug|Any CPU
		Release|Any CPU = Release|Any CPU
	EndGlobalSection
	GlobalSection(ProjectConfigurationPlatforms) = postSolution
		{DB0B8EE8-669F-4FA1-92EE-78CE333C3F14}.Debug|Any CPU.ActiveCfg = Debug|Any CPU
		{DB0B8EE8-669F-4FA1-92EE-78CE333C3F14}.Debug|Any CPU.Build.0 = Debug|Any CPU
		{DB0B8EE8-669F-4FA1-92EE-78CE333C3F14}.Release|Any CPU.ActiveCfg = Release|Any CPU
		{DB0B8EE8-669F-4FA1-92EE-78CE333C3F14}.Release|Any CPU.Build.0 = Release|Any CPU
	EndGlobalSection
	GlobalSection(SolutionProperties) = preSolution
		HideSolutionNode = FALSE
	EndGlobalSection
	GlobalSection(ExtensibilityGlobals) = postSolution
		SolutionGuid = {AF476DB5-4BA5-4A14-9707-310EF2A46549}
	EndGlobalSection
EndGlobal
